lockfileVersion: '9.0'

settings:
  autoInstallPeers: true
  excludeLinksFromLockfile: false

importers:

  .:
    dependencies:
      node-global-key-listener:
        specifier: ^0.3.0
        version: 0.3.0

packages:

  node-global-key-listener@0.3.0:
    resolution: {integrity: sha512-yWB1OFrDlzXYm3+hYcE8xOscvclpBAQGXcBnc2ytenFLkZfxFipuCwhuIIlIKVtwBuDRkdXJVZMqN99cPVBFFA==}

  sudo-prompt@9.2.1:
    resolution: {integrity: sha512-Mu7R0g4ig9TUuGSxJavny5Rv0egCEtpZRNMrZaYS1vxkiIxGiGUwoezU3LazIQ+KE04hTrTfNPgxU5gzi7F5Pw==}
    deprecated: Package no longer supported. Contact Support at https://www.npmjs.com/support for more info.

snapshots:

  node-global-key-listener@0.3.0:
    dependencies:
      sudo-prompt: 9.2.1

  sudo-prompt@9.2.1: {}
